
Microsoft Visual Studio Solution File, Format Version 12.00
# Visual Studio Version 17
VisualStudioVersion = 17.3.32929.385
MinimumVisualStudioVersion = 10.0.40219.1
Project("{FAE04EC0-301F-11D3-BF4B-00C04F79EFBC}") = "cereal-killer-02", "cereal-killer-02.csproj", "{2F76BED1-1030-4258-BF7C-77FF87A6FE6C}"
EndProject
Global
	GlobalSection(SolutionConfigurationPlatforms) = preSolution
		Debug|Any CPU = Debug|Any CPU
		Release|Any CPU = Release|Any CPU
	EndGlobalSection
	GlobalSection(ProjectConfigurationPlatforms) = postSolution
		{2F76BED1-1030-4258-BF7C-77FF87A6FE6C}.Debug|Any CPU.ActiveCfg = Debug|Any CPU
		{2F76BED1-1030-4258-BF7C-77FF87A6FE6C}.Debug|Any CPU.Build.0 = Debug|Any CPU
		{2F76BED1-1030-4258-BF7C-77FF87A6FE6C}.Release|Any CPU.ActiveCfg = Release|Any CPU
		{2F76BED1-1030-4258-BF7C-77FF87A6FE6C}.Release|Any CPU.Build.0 = Release|Any CPU
	EndGlobalSection
	GlobalSection(SolutionProperties) = preSolution
		HideSolutionNode = FALSE
	EndGlobalSection
	GlobalSection(ExtensibilityGlobals) = postSolution
		SolutionGuid = {1A585DFC-51ED-43F1-BD7C-E29552775D70}
	EndGlobalSection
EndGlobal
